{
  "name": "mdes_digital_enablement_api",
  "version": "12.0.0",
  "lockfileVersion": 2,
  "requires": true,
  "packages": {
    "": {
      "name": "mdes_digital_enablement_api",
      "version": "12.0.0",
      "license": "ISC",
      "dependencies": {
        "mdes_digital_enablement_api": "^12.0.0"
      }
    },
    "node_modules/mdes_digital_enablement_api": {
      "version": "12.0.0",
      "resolved": "https://registry.npmjs.org/mdes_digital_enablement_api/-/mdes_digital_enablement_api-12.0.0.tgz",
      "integrity": "sha512-fPHHQ4EHVP9TFWSDJBwUy4vBGWgohiKZCTV8F+7SZDYg1eXIOkg/bDl5l42Q9+pVZzMOCMWJWWFYQ/lg/mRsOA=="
    }
  },
  "dependencies": {
    "mdes_digital_enablement_api": {
      "version": "12.0.0",
      "resolved": "https://registry.npmjs.org/mdes_digital_enablement_api/-/mdes_digital_enablement_api-12.0.0.tgz",
      "integrity": "sha512-fPHHQ4EHVP9TFWSDJBwUy4vBGWgohiKZCTV8F+7SZDYg1eXIOkg/bDl5l42Q9+pVZzMOCMWJWWFYQ/lg/mRsOA=="
    }
  }
}
